
Microsoft Visual Studio Solution File, Format Version 12.00
# Visual Studio Version 17
VisualStudioVersion = 17.14.36811.4 d17.14
MinimumVisualStudioVersion = 10.0.40219.1
Project("{FAE04EC0-301F-11D3-BF4B-00C04F79EFBC}") = "KAShop1", "KAShop1\KAShop1.csproj", "{9865E02A-1FBC-4DC9-AD0A-B9CAB59C9C68}"
EndProject
Global
	GlobalSection(SolutionConfigurationPlatforms) = preSolution
		Debug|Any CPU = Debug|Any CPU
		Release|Any CPU = Release|Any CPU
	EndGlobalSection
	GlobalSection(ProjectConfigurationPlatforms) = postSolution
		{9865E02A-1FBC-4DC9-AD0A-B9CAB59C9C68}.Debug|Any CPU.ActiveCfg = Debug|Any CPU
		{9865E02A-1FBC-4DC9-AD0A-B9CAB59C9C68}.Debug|Any CPU.Build.0 = Debug|Any CPU
		{9865E02A-1FBC-4DC9-AD0A-B9CAB59C9C68}.Release|Any CPU.ActiveCfg = Release|Any CPU
		{9865E02A-1FBC-4DC9-AD0A-B9CAB59C9C68}.Release|Any CPU.Build.0 = Release|Any CPU
	EndGlobalSection
	GlobalSection(SolutionProperties) = preSolution
		HideSolutionNode = FALSE
	EndGlobalSection
	GlobalSection(ExtensibilityGlobals) = postSolution
		SolutionGuid = {A6AEDEE9-F4AB-479D-AB9D-E35F7D1E4BA5}
	EndGlobalSection
EndGlobal
